{
  "name": "@thiagoprz/ionic-input-mask",
  "version": "0.0.4",
  "lockfileVersion": 2,
  "requires": true,
  "packages": {
    "": {
      "name": "@thiagoprz/ionic-input-mask",
      "version": "0.0.4",
      "license": "MIT",
      "dependencies": {
        "tslib": "^2.0.0"
      },
      "peerDependencies": {
        "@angular/common": "^13.0.0 || ^11.2.4 || ~10.0.0",
        "@angular/core": "^13.0.0 || ^11.2.4 || ~10.0.0",
        "@angular/forms": "^13.0.0 || ^11.2.4 || ~10.0.0"
      }
    },
    "node_modules/@angular/common": {
      "version": "13.3.0",
      "resolved": "https://registry.npmjs.org/@angular/common/-/common-13.3.0.tgz",
      "integrity": "sha512-yl09TWBmz++Z3MKjzZIwU2wZHiedCn1DjGILjjNXegHFOfINRHiqLhHca4kGWFcTsdvcuEhd9Hk9JATqi45rjg==",
      "peer": true,
      "dependencies": {
        "tslib": "^2.3.0"
      },
      "engines": {
        "node": "^12.20.0 || ^14.15.0 || >=16.10.0"
      },
      "peerDependencies": {
        "@angular/core": "13.3.0",
        "rxjs": "^6.5.3 || ^7.4.0"
      }
    },
    "node_modules/@angular/core": {
      "version": "13.3.0",
      "resolved": "https://registry.npmjs.org/@angular/core/-/core-13.3.0.tgz",
      "integrity": "sha512-ZnuIMEK8YFBtthNqrxapYolMp6qRy4Yp/VG+M11YNiuBp/BoYYDjTaknwO8vu36Cn6372zWjcibsknkZMjdBkg==",
      "peer": true,
      "dependencies": {
        "tslib": "^2.3.0"
      },
      "engines": {
        "node": "^12.20.0 || ^14.15.0 || >=16.10.0"
      },
      "peerDependencies": {
        "rxjs": "^6.5.3 || ^7.4.0",
        "zone.js": "~0.11.4"
      }
    },
    "node_modules/@angular/forms": {
      "version": "13.3.0",
      "resolved": "https://registry.npmjs.org/@angular/forms/-/forms-13.3.0.tgz",
      "integrity": "sha512-eBySo+B3/AV+p3SmD15Tg41N+SoxYPyqGnlCTR+jSrFis5ZZNWf0kKpIKhJhW2taRq6K+1o3KcA0W9bnphrZDQ==",
      "peer": true,
      "dependencies": {
        "tslib": "^2.3.0"
      },
      "engines": {
        "node": "^12.20.0 || ^14.15.0 || >=16.10.0"
      },
      "peerDependencies": {
        "@angular/common": "13.3.0",
        "@angular/core": "13.3.0",
        "@angular/platform-browser": "13.3.0",
        "rxjs": "^6.5.3 || ^7.4.0"
      }
    },
    "node_modules/@angular/platform-browser": {
      "version": "13.3.0",
      "resolved": "https://registry.npmjs.org/@angular/platform-browser/-/platform-browser-13.3.0.tgz",
      "integrity": "sha512-OgNVgRtqTPxzItZbJVe4NmSYKDLEKQYjGulStWl4ycQTsOKteF+sJi8gU5BvEU/KQNZItYnIQxMqTsFyS7xlRQ==",
      "peer": true,
      "dependencies": {
        "tslib": "^2.3.0"
      },
      "engines": {
        "node": "^12.20.0 || ^14.15.0 || >=16.10.0"
      },
      "peerDependencies": {
        "@angular/animations": "13.3.0",
        "@angular/common": "13.3.0",
        "@angular/core": "13.3.0"
      },
      "peerDependenciesMeta": {
        "@angular/animations": {
          "optional": true
        }
      }
    },
    "node_modules/rxjs": {
      "version": "7.5.5",
      "resolved": "https://registry.npmjs.org/rxjs/-/rxjs-7.5.5.tgz",
      "integrity": "sha512-sy+H0pQofO95VDmFLzyaw9xNJU4KTRSwQIGM6+iG3SypAtCiLDzpeG8sJrNCWn2Up9km+KhkvTdbkrdy+yzZdw==",
      "peer": true,
      "dependencies": {
        "tslib": "^2.1.0"
      }
    },
    "node_modules/tslib": {
      "version": "2.3.1",
      "license": "0BSD"
    },
    "node_modules/zone.js": {
      "version": "0.11.5",
      "resolved": "https://registry.npmjs.org/zone.js/-/zone.js-0.11.5.tgz",
      "integrity": "sha512-D1/7VxEuQ7xk6z/kAROe4SUbd9CzxY4zOwVGnGHerd/SgLIVU5f4esDzQUsOCeArn933BZfWMKydH7l7dPEp0g==",
      "peer": true,
      "dependencies": {
        "tslib": "^2.3.0"
      }
    }
  },
  "dependencies": {
    "@angular/common": {
      "version": "13.3.0",
      "resolved": "https://registry.npmjs.org/@angular/common/-/common-13.3.0.tgz",
      "integrity": "sha512-yl09TWBmz++Z3MKjzZIwU2wZHiedCn1DjGILjjNXegHFOfINRHiqLhHca4kGWFcTsdvcuEhd9Hk9JATqi45rjg==",
      "peer": true,
      "requires": {
        "tslib": "^2.3.0"
      }
    },
    "@angular/core": {
      "version": "13.3.0",
      "resolved": "https://registry.npmjs.org/@angular/core/-/core-13.3.0.tgz",
      "integrity": "sha512-ZnuIMEK8YFBtthNqrxapYolMp6qRy4Yp/VG+M11YNiuBp/BoYYDjTaknwO8vu36Cn6372zWjcibsknkZMjdBkg==",
      "peer": true,
      "requires": {
        "tslib": "^2.3.0"
      }
    },
    "@angular/forms": {
      "version": "13.3.0",
      "resolved": "https://registry.npmjs.org/@angular/forms/-/forms-13.3.0.tgz",
      "integrity": "sha512-eBySo+B3/AV+p3SmD15Tg41N+SoxYPyqGnlCTR+jSrFis5ZZNWf0kKpIKhJhW2taRq6K+1o3KcA0W9bnphrZDQ==",
      "peer": true,
      "requires": {
        "tslib": "^2.3.0"
      }
    },
    "@angular/platform-browser": {
      "version": "13.3.0",
      "resolved": "https://registry.npmjs.org/@angular/platform-browser/-/platform-browser-13.3.0.tgz",
      "integrity": "sha512-OgNVgRtqTPxzItZbJVe4NmSYKDLEKQYjGulStWl4ycQTsOKteF+sJi8gU5BvEU/KQNZItYnIQxMqTsFyS7xlRQ==",
      "peer": true,
      "requires": {
        "tslib": "^2.3.0"
      }
    },
    "rxjs": {
      "version": "7.5.5",
      "resolved": "https://registry.npmjs.org/rxjs/-/rxjs-7.5.5.tgz",
      "integrity": "sha512-sy+H0pQofO95VDmFLzyaw9xNJU4KTRSwQIGM6+iG3SypAtCiLDzpeG8sJrNCWn2Up9km+KhkvTdbkrdy+yzZdw==",
      "peer": true,
      "requires": {
        "tslib": "^2.1.0"
      }
    },
    "tslib": {
      "version": "2.3.1"
    },
    "zone.js": {
      "version": "0.11.5",
      "resolved": "https://registry.npmjs.org/zone.js/-/zone.js-0.11.5.tgz",
      "integrity": "sha512-D1/7VxEuQ7xk6z/kAROe4SUbd9CzxY4zOwVGnGHerd/SgLIVU5f4esDzQUsOCeArn933BZfWMKydH7l7dPEp0g==",
      "peer": true,
      "requires": {
        "tslib": "^2.3.0"
      }
    }
  }
}
